
Microsoft Visual Studio Solution File, Format Version 12.00
# Visual Studio Version 17
VisualStudioVersion = 17.3.32929.385
MinimumVisualStudioVersion = 10.0.40219.1
Project("{8BC9CEB8-8B4A-11D0-8D11-00A0C91BC942}") = "RayTracerOpenGL2", "RayTracerOpenGL2.vcxproj", "{D383A8BC-13B3-44CA-88BC-09758D8B1528}"
EndProject
Global
	GlobalSection(SolutionConfigurationPlatforms) = preSolution
		Debug|x64 = Debug|x64
		Debug|x86 = Debug|x86
		Release|x64 = Release|x64
		Release|x86 = Release|x86
	EndGlobalSection
	GlobalSection(ProjectConfigurationPlatforms) = postSolution
		{D383A8BC-13B3-44CA-88BC-09758D8B1528}.Debug|x64.ActiveCfg = Debug|x64
		{D383A8BC-13B3-44CA-88BC-09758D8B1528}.Debug|x64.Build.0 = Debug|x64
		{D383A8BC-13B3-44CA-88BC-09758D8B1528}.Debug|x86.ActiveCfg = Debug|Win32
		{D383A8BC-13B3-44CA-88BC-09758D8B1528}.Debug|x86.Build.0 = Debug|Win32
		{D383A8BC-13B3-44CA-88BC-09758D8B1528}.Release|x64.ActiveCfg = Release|x64
		{D383A8BC-13B3-44CA-88BC-09758D8B1528}.Release|x64.Build.0 = Release|x64
		{D383A8BC-13B3-44CA-88BC-09758D8B1528}.Release|x86.ActiveCfg = Release|Win32
		{D383A8BC-13B3-44CA-88BC-09758D8B1528}.Release|x86.Build.0 = Release|Win32
	EndGlobalSection
	GlobalSection(SolutionProperties) = preSolution
		HideSolutionNode = FALSE
	EndGlobalSection
	GlobalSection(ExtensibilityGlobals) = postSolution
		SolutionGuid = {2F303D5A-8AAC-42A8-9518-BC7F11AA1764}
	EndGlobalSection
EndGlobal
